
Microsoft Visual Studio Solution File, Format Version 12.00
# Visual Studio Version 16
VisualStudioVersion = 16.0.30225.117
MinimumVisualStudioVersion = 10.0.40219.1
Project("{FAE04EC0-301F-11D3-BF4B-00C04F79EFBC}") = "GymManagementSystem", "GymManagementSystem\GymManagementSystem.csproj", "{AA53A6BC-43C1-446F-9970-3F9E4A35E745}"
EndProject
Global
	GlobalSection(SolutionConfigurationPlatforms) = preSolution
		Debug|Any CPU = Debug|Any CPU
		Release|Any CPU = Release|Any CPU
	EndGlobalSection
	GlobalSection(ProjectConfigurationPlatforms) = postSolution
		{AA53A6BC-43C1-446F-9970-3F9E4A35E745}.Debug|Any CPU.ActiveCfg = Debug|Any CPU
		{AA53A6BC-43C1-446F-9970-3F9E4A35E745}.Debug|Any CPU.Build.0 = Debug|Any CPU
		{AA53A6BC-43C1-446F-9970-3F9E4A35E745}.Release|Any CPU.ActiveCfg = Release|Any CPU
		{AA53A6BC-43C1-446F-9970-3F9E4A35E745}.Release|Any CPU.Build.0 = Release|Any CPU
	EndGlobalSection
	GlobalSection(SolutionProperties) = preSolution
		HideSolutionNode = FALSE
	EndGlobalSection
	GlobalSection(ExtensibilityGlobals) = postSolution
		SolutionGuid = {B24D8129-BE06-4EC2-BFCB-1B9DF69A8AC9}
	EndGlobalSection
EndGlobal
